
Microsoft Visual Studio Solution File, Format Version 12.00
# Visual Studio Version 16
VisualStudioVersion = 16.0.29613.14
MinimumVisualStudioVersion = 10.0.40219.1
Project("{9A19103F-16F7-4668-BE54-9A1E7A4F7556}") = "SwagOverFlow.WPF", "SwagOverflow.WPF\SwagOverFlow.WPF.csproj", "{8C87CB2D-0C4D-434A-837D-770B82E8DC2A}"
EndProject
Project("{9A19103F-16F7-4668-BE54-9A1E7A4F7556}") = "TestWPF", "TestWPF\TestWPF.csproj", "{3AAA4EB8-2B60-461D-9442-8EFA104D0DA7}"
EndProject
Project("{9A19103F-16F7-4668-BE54-9A1E7A4F7556}") = "SwagOverFlow", "SwagOverFlow\SwagOverFlow.csproj", "{E5BE7AEF-4A5A-48DE-A9B1-97AFD8C3A071}"
EndProject
Project("{9A19103F-16F7-4668-BE54-9A1E7A4F7556}") = "SwagOverFlow.WPF.SwagDataWindow", "SwagOverFlow.WPF.SwagDataWindow\SwagOverFlow.WPF.SwagDataWindow.csproj", "{11111E07-4537-4E2F-9D3E-92517D8A06D9}"
EndProject
Project("{9A19103F-16F7-4668-BE54-9A1E7A4F7556}") = "Dreamporter", "Dreamporter\Dreamporter.csproj", "{7C208144-72C5-4772-BC29-F084873802FF}"
EndProject
Project("{9A19103F-16F7-4668-BE54-9A1E7A4F7556}") = "Dreamporter.WPF", "Dreamporter.WPF\Dreamporter.WPF.csproj", "{FAFF981B-F60B-4AAC-B97D-9FDC0216F230}"
EndProject
Global
	GlobalSection(SolutionConfigurationPlatforms) = preSolution
		Debug|Any CPU = Debug|Any CPU
		Release|Any CPU = Release|Any CPU
	EndGlobalSection
	GlobalSection(ProjectConfigurationPlatforms) = postSolution
		{8C87CB2D-0C4D-434A-837D-770B82E8DC2A}.Debug|Any CPU.ActiveCfg = Debug|Any CPU
		{8C87CB2D-0C4D-434A-837D-770B82E8DC2A}.Debug|Any CPU.Build.0 = Debug|Any CPU
		{8C87CB2D-0C4D-434A-837D-770B82E8DC2A}.Release|Any CPU.ActiveCfg = Release|Any CPU
		{8C87CB2D-0C4D-434A-837D-770B82E8DC2A}.Release|Any CPU.Build.0 = Release|Any CPU
		{3AAA4EB8-2B60-461D-9442-8EFA104D0DA7}.Debug|Any CPU.ActiveCfg = Debug|Any CPU
		{3AAA4EB8-2B60-461D-9442-8EFA104D0DA7}.Debug|Any CPU.Build.0 = Debug|Any CPU
		{3AAA4EB8-2B60-461D-9442-8EFA104D0DA7}.Release|Any CPU.ActiveCfg = Release|Any CPU
		{3AAA4EB8-2B60-461D-9442-8EFA104D0DA7}.Release|Any CPU.Build.0 = Release|Any CPU
		{E5BE7AEF-4A5A-48DE-A9B1-97AFD8C3A071}.Debug|Any CPU.ActiveCfg = Debug|Any CPU
		{E5BE7AEF-4A5A-48DE-A9B1-97AFD8C3A071}.Debug|Any CPU.Build.0 = Debug|Any CPU
		{E5BE7AEF-4A5A-48DE-A9B1-97AFD8C3A071}.Release|Any CPU.ActiveCfg = Release|Any CPU
		{E5BE7AEF-4A5A-48DE-A9B1-97AFD8C3A071}.Release|Any CPU.Build.0 = Release|Any CPU
		{11111E07-4537-4E2F-9D3E-92517D8A06D9}.Debug|Any CPU.ActiveCfg = Debug|Any CPU
		{11111E07-4537-4E2F-9D3E-92517D8A06D9}.Debug|Any CPU.Build.0 = Debug|Any CPU
		{11111E07-4537-4E2F-9D3E-92517D8A06D9}.Release|Any CPU.ActiveCfg = Release|Any CPU
		{11111E07-4537-4E2F-9D3E-92517D8A06D9}.Release|Any CPU.Build.0 = Release|Any CPU
		{7C208144-72C5-4772-BC29-F084873802FF}.Debug|Any CPU.ActiveCfg = Debug|Any CPU
		{7C208144-72C5-4772-BC29-F084873802FF}.Debug|Any CPU.Build.0 = Debug|Any CPU
		{7C208144-72C5-4772-BC29-F084873802FF}.Release|Any CPU.ActiveCfg = Release|Any CPU
		{7C208144-72C5-4772-BC29-F084873802FF}.Release|Any CPU.Build.0 = Release|Any CPU
		{FAFF981B-F60B-4AAC-B97D-9FDC0216F230}.Debug|Any CPU.ActiveCfg = Debug|Any CPU
		{FAFF981B-F60B-4AAC-B97D-9FDC0216F230}.Debug|Any CPU.Build.0 = Debug|Any CPU
		{FAFF981B-F60B-4AAC-B97D-9FDC0216F230}.Release|Any CPU.ActiveCfg = Release|Any CPU
		{FAFF981B-F60B-4AAC-B97D-9FDC0216F230}.Release|Any CPU.Build.0 = Release|Any CPU
	EndGlobalSection
	GlobalSection(SolutionProperties) = preSolution
		HideSolutionNode = FALSE
	EndGlobalSection
	GlobalSection(ExtensibilityGlobals) = postSolution
		SolutionGuid = {4D3F37F2-4FFF-48B5-87CA-031B47251ED1}
	EndGlobalSection
EndGlobal
